// !$*UTF8*$!
{
	archiveVersion = 1;
	classes = {
	};
	objectVersion = 56;
	objects = {

/* Begin PBXBuildFile section */
		7E85F3132BD951C3004C554C /* StartViewController.swift in Sources */ = {isa = PBXBuildFile; fileRef = 7E85F3122BD951C3004C554C /* StartViewController.swift */; };
		BE4D2C232BD40DB4009D8128 /* AppDelegate.swift in Sources */ = {isa = PBXBuildFile; fileRef = BE4D2C222BD40DB4009D8128 /* AppDelegate.swift */; };
		BE4D2C252BD40DB4009D8128 /* SceneDelegate.swift in Sources */ = {isa = PBXBuildFile; fileRef = BE4D2C242BD40DB4009D8128 /* SceneDelegate.swift */; };
		BE4D2C272BD40DB4009D8128 /* ViewController.swift in Sources */ = {isa = PBXBuildFile; fileRef = BE4D2C262BD40DB4009D8128 /* ViewController.swift */; };
		BE4D2C2A2BD40DB4009D8128 /* Base in Resources */ = {isa = PBXBuildFile; fileRef = BE4D2C292BD40DB4009D8128 /* Base */; };
		BE4D2C2C2BD40DB5009D8128 /* Assets.xcassets in Resources */ = {isa = PBXBuildFile; fileRef = BE4D2C2B2BD40DB5009D8128 /* Assets.xcassets */; };
		BE4D2C2F2BD40DB5009D8128 /* Base in Resources */ = {isa = PBXBuildFile; fileRef = BE4D2C2E2BD40DB5009D8128 /* Base */; };
		BE8F13062BD6B06500B1C9CA /* XO.swift in Sources */ = {isa = PBXBuildFile; fileRef = BE8F13052BD6B06500B1C9CA /* XO.swift */; };
		BE8F13082BD6B0DA00B1C9CA /* TicTacToe.swift in Sources */ = {isa = PBXBuildFile; fileRef = BE8F13072BD6B0DA00B1C9CA /* TicTacToe.swift */; };
/* End PBXBuildFile section */

/* Begin PBXFileReference section */
		7E85F3122BD951C3004C554C /* StartViewController.swift */ = {isa = PBXFileReference; lastKnownFileType = sourcecode.swift; path = StartViewController.swift; sourceTree = "<group>"; };
		BE4D2C1F2BD40DB4009D8128 /* test_1.app */ = {isa = PBXFileReference; explicitFileType = wrapper.application; includeInIndex = 0; path = test_1.app; sourceTree = BUILT_PRODUCTS_DIR; };
		BE4D2C222BD40DB4009D8128 /* AppDelegate.swift */ = {isa = PBXFileReference; lastKnownFileType = sourcecode.swift; path = AppDelegate.swift; sourceTree = "<group>"; };
		BE4D2C242BD40DB4009D8128 /* SceneDelegate.swift */ = {isa = PBXFileReference; lastKnownFileType = sourcecode.swift; path = SceneDelegate.swift; sourceTree = "<group>"; };
		BE4D2C262BD40DB4009D8128 /* ViewController.swift */ = {isa = PBXFileReference; lastKnownFileType = sourcecode.swift; path = ViewController.swift; sourceTree = "<group>"; };
		BE4D2C292BD40DB4009D8128 /* Base */ = {isa = PBXFileReference; lastKnownFileType = file.storyboard; name = Base; path = Base.lproj/Main.storyboard; sourceTree = "<group>"; };
		BE4D2C2B2BD40DB5009D8128 /* Assets.xcassets */ = {isa = PBXFileReference; lastKnownFileType = folder.assetcatalog; path = Assets.xcassets; sourceTree = "<group>"; };
		BE4D2C2E2BD40DB5009D8128 /* Base */ = {isa = PBXFileReference; lastKnownFileType = file.storyboard; name = Base; path = Base.lproj/LaunchScreen.storyboard; sourceTree = "<group>"; };
		BE4D2C302BD40DB5009D8128 /* Info.plist */ = {isa = PBXFileReference; lastKnownFileType = text.plist.xml; path = Info.plist; sourceTree = "<group>"; };
		BE8F13052BD6B06500B1C9CA /* XO.swift */ = {isa = PBXFileReference; lastKnownFileType = sourcecode.swift; path = XO.swift; sourceTree = "<group>"; };
		BE8F13072BD6B0DA00B1C9CA /* TicTacToe.swift */ = {isa = PBXFileReference; lastKnownFileType = sourcecode.swift; path = TicTacToe.swift; sourceTree = "<group>"; };
/* End PBXFileReference section */

/* Begin PBXFrameworksBuildPhase section */
		BE4D2C1C2BD40DB4009D8128 /* Frameworks */ = {
			isa = PBXFrameworksBuildPhase;
			buildActionMask = 2147483647;
			files = (
			);
			runOnlyForDeploymentPostprocessing = 0;
		};
/* End PBXFrameworksBuildPhase section */

/* Begin PBXGroup section */
		BE4D2C162BD40DB4009D8128 = {
			isa = PBXGroup;
			children = (
				BE4D2C212BD40DB4009D8128 /* test_1 */,
				BE4D2C202BD40DB4009D8128 /* Products */,
			);
			sourceTree = "<group>";
		};
		BE4D2C202BD40DB4009D8128 /* Products */ = {
			isa = PBXGroup;
			children = (
				BE4D2C1F2BD40DB4009D8128 /* test_1.app */,
			);
			name = Products;
			sourceTree = "<group>";
		};
		BE4D2C212BD40DB4009D8128 /* test_1 */ = {
			isa = PBXGroup;
			children = (
				BE8F13042BD6B05500B1C9CA /* View */,
				BE8F13032BD6B03E00B1C9CA /* Controller */,
				BE8F13022BD6B02B00B1C9CA /* Model */,
				BE4D2C222BD40DB4009D8128 /* AppDelegate.swift */,
				BE4D2C242BD40DB4009D8128 /* SceneDelegate.swift */,
				BE4D2C262BD40DB4009D8128 /* ViewController.swift */,
				BE4D2C282BD40DB4009D8128 /* Main.storyboard */,
				BE4D2C2B2BD40DB5009D8128 /* Assets.xcassets */,
				BE4D2C2D2BD40DB5009D8128 /* LaunchScreen.storyboard */,
				BE4D2C302BD40DB5009D8128 /* Info.plist */,
			);
			path = test_1;
			sourceTree = "<group>";
		};
		BE8F13022BD6B02B00B1C9CA /* Model */ = {
			isa = PBXGroup;
			children = (
				BE8F13052BD6B06500B1C9CA /* XO.swift */,
			);
			path = Model;
			sourceTree = "<group>";
		};
		BE8F13032BD6B03E00B1C9CA /* Controller */ = {
			isa = PBXGroup;
			children = (
				BE8F13072BD6B0DA00B1C9CA /* TicTacToe.swift */,
			);
			path = Controller;
			sourceTree = "<group>";
		};
		BE8F13042BD6B05500B1C9CA /* View */ = {
			isa = PBXGroup;
			children = (
				7E85F3122BD951C3004C554C /* StartViewController.swift */,
			);
			path = View;
			sourceTree = "<group>";
		};
/* End PBXGroup section */

/* Begin PBXNativeTarget section */
		BE4D2C1E2BD40DB4009D8128 /* test_1 */ = {
			isa = PBXNativeTarget;
			buildConfigurationList = BE4D2C332BD40DB5009D8128 /* Build configuration list for PBXNativeTarget "test_1" */;
			buildPhases = (
				BE4D2C1B2BD40DB4009D8128 /* Sources */,
				BE4D2C1C2BD40DB4009D8128 /* Frameworks */,
				BE4D2C1D2BD40DB4009D8128 /* Resources */,
			);
			buildRules = (
			);
			dependencies = (
			);
			name = test_1;
			productName = test_1;
			productReference = BE4D2C1F2BD40DB4009D8128 /* test_1.app */;
			productType = "com.apple.product-type.application";
		};
/* End PBXNativeTarget section */

/* Begin PBXProject section */
		BE4D2C172BD40DB4009D8128 /* Project object */ = {
			isa = PBXProject;
			attributes = {
				BuildIndependentTargetsInParallel = 1;
				LastSwiftUpdateCheck = 1530;
				LastUpgradeCheck = 1530;
				TargetAttributes = {
					BE4D2C1E2BD40DB4009D8128 = {
						CreatedOnToolsVersion = 15.3;
					};
				};
			};
			buildConfigurationList = BE4D2C1A2BD40DB4009D8128 /* Build configuration list for PBXProject "test_1" */;
			compatibilityVersion = "Xcode 14.0";
			developmentRegion = en;
			hasScannedForEncodings = 0;
			knownRegions = (
				en,
				Base,
			);
			mainGroup = BE4D2C162BD40DB4009D8128;
			productRefGroup = BE4D2C202BD40DB4009D8128 /* Products */;
			projectDirPath = "";
			projectRoot = "";
			targets = (
				BE4D2C1E2BD40DB4009D8128 /* test_1 */,
			);
		};
/* End PBXProject section */

/* Begin PBXResourcesBuildPhase section */
		BE4D2C1D2BD40DB4009D8128 /* Resources */ = {
			isa = PBXResourcesBuildPhase;
			buildActionMask = 2147483647;
			files = (
				BE4D2C2C2BD40DB5009D8128 /* Assets.xcassets in Resources */,
				BE4D2C2F2BD40DB5009D8128 /* Base in Resources */,
				BE4D2C2A2BD40DB4009D8128 /* Base in Resources */,
			);
			runOnlyForDeploymentPostprocessing = 0;
		};
/* End PBXResourcesBuildPhase section */

/* Begin PBXSourcesBuildPhase section */
		BE4D2C1B2BD40DB4009D8128 /* Sources */ = {
			isa = PBXSourcesBuildPhase;
			buildActionMask = 2147483647;
			files = (
				BE4D2C272BD40DB4009D8128 /* ViewController.swift in Sources */,
				BE4D2C232BD40DB4009D8128 /* AppDelegate.swift in Sources */,
				BE8F13062BD6B06500B1C9CA /* XO.swift in Sources */,
				BE4D2C252BD40DB4009D8128 /* SceneDelegate.swift in Sources */,
				BE8F13082BD6B0DA00B1C9CA /* TicTacToe.swift in Sources */,
				7E85F3132BD951C3004C554C /* StartViewController.swift in Sources */,
			);
			runOnlyForDeploymentPostprocessing = 0;
		};
/* End PBXSourcesBuildPhase section */

/* Begin PBXVariantGroup section */
		BE4D2C282BD40DB4009D8128 /* Main.storyboard */ = {
			isa = PBXVariantGroup;
			children = (
				BE4D2C292BD40DB4009D8128 /* Base */,
			);
			name = Main.storyboard;
			sourceTree = "<group>";
		};
		BE4D2C2D2BD40DB5009D8128 /* LaunchScreen.storyboard */ = {
			isa = PBXVariantGroup;
			children = (
				BE4D2C2E2BD40DB5009D8128 /* Base */,
			);
			name = LaunchScreen.storyboard;
			sourceTree = "<group>";
		};
/* End PBXVariantGroup section */

/* Begin XCBuildConfiguration section */
		BE4D2C312BD40DB5009D8128 /* Debug */ = {
			isa = XCBuildConfiguration;
			buildSettings = {
				ALWAYS_SEARCH_USER_PATHS = NO;
				ASSETCATALOG_COMPILER_GENERATE_SWIFT_ASSET_SYMBOL_EXTENSIONS = YES;
				CLANG_ANALYZER_NONNULL = YES;
				CLANG_ANALYZER_NUMBER_OBJECT_CONVERSION = YES_AGGRESSIVE;
				CLANG_CXX_LANGUAGE_STANDARD = "gnu++20";
				CLANG_ENABLE_MODULES = YES;
				CLANG_ENABLE_OBJC_ARC = YES;
				CLANG_ENABLE_OBJC_WEAK = YES;
				CLANG_WARN_BLOCK_CAPTURE_AUTORELEASING = YES;
				CLANG_WARN_BOOL_CONVERSION = YES;
				CLANG_WARN_COMMA = YES;
				CLANG_WARN_CONSTANT_CONVERSION = YES;
				CLANG_WARN_DEPRECATED_OBJC_IMPLEMENTATIONS = YES;
				CLANG_WARN_DIRECT_OBJC_ISA_USAGE = YES_ERROR;
				CLANG_WARN_DOCUMENTATION_COMMENTS = YES;
				CLANG_WARN_EMPTY_BODY = YES;
				CLANG_WARN_ENUM_CONVERSION = YES;
				CLANG_WARN_INFINITE_RECURSION = YES;
				CLANG_WARN_INT_CONVERSION = YES;
				CLANG_WARN_NON_LITERAL_NULL_CONVERSION = YES;
				CLANG_WARN_OBJC_IMPLICIT_RETAIN_SELF = YES;
				CLANG_WARN_OBJC_LITERAL_CONVERSION = YES;
				CLANG_WARN_OBJC_ROOT_CLASS = YES_ERROR;
				CLANG_WARN_QUOTED_INCLUDE_IN_FRAMEWORK_HEADER = YES;
				CLANG_WARN_RANGE_LOOP_ANALYSIS = YES;
				CLANG_WARN_STRICT_PROTOTYPES = YES;
				CLANG_WARN_SUSPICIOUS_MOVE = YES;
				CLANG_WARN_UNGUARDED_AVAILABILITY = YES_AGGRESSIVE;
				CLANG_WARN_UNREACHABLE_CODE = YES;
				CLANG_WARN__DUPLICATE_METHOD_MATCH = YES;
				COPY_PHASE_STRIP = NO;
				DEBUG_INFORMATION_FORMAT = dwarf;
				ENABLE_STRICT_OBJC_MSGSEND = YES;
				ENABLE_TESTABILITY = YES;
				ENABLE_USER_SCRIPT_SANDBOXING = YES;
				GCC_C_LANGUAGE_STANDARD = gnu17;
				GCC_DYNAMIC_NO_PIC = NO;
				GCC_NO_COMMON_BLOCKS = YES;
				GCC_OPTIMIZATION_LEVEL = 0;
				GCC_PREPROCESSOR_DEFINITIONS = (
					"DEBUG=1",
					"$(inherited)",
				);
				GCC_WARN_64_TO_32_BIT_CONVERSION = YES;
				GCC_WARN_ABOUT_RETURN_TYPE = YES_ERROR;
				GCC_WARN_UNDECLARED_SELECTOR = YES;
				GCC_WARN_UNINITIALIZED_AUTOS = YES_AGGRESSIVE;
				GCC_WARN_UNUSED_FUNCTION = YES;
				GCC_WARN_UNUSED_VARIABLE = YES;
				IPHONEOS_DEPLOYMENT_TARGET = 17.4;
				LOCALIZATION_PREFERS_STRING_CATALOGS = YES;
				MTL_ENABLE_DEBUG_INFO = INCLUDE_SOURCE;
				MTL_FAST_MATH = YES;
				ONLY_ACTIVE_ARCH = YES;
				SDKROOT = iphoneos;
				SWIFT_ACTIVE_COMPILATION_CONDITIONS = "DEBUG $(inherited)";
				SWIFT_OPTIMIZATION_LEVEL = "-Onone";
			};
			name = Debug;
		};
		BE4D2C322BD40DB5009D8128 /* Release */ = {
			isa = XCBuildConfiguration;
			buildSettings = {
				ALWAYS_SEARCH_USER_PATHS = NO;
				ASSETCATALOG_COMPILER_GENERATE_SWIFT_ASSET_SYMBOL_EXTENSIONS = YES;
				CLANG_ANALYZER_NONNULL = YES;
				CLANG_ANALYZER_NUMBER_OBJECT_CONVERSION = YES_AGGRESSIVE;
				CLANG_CXX_LANGUAGE_STANDARD = "gnu++20";
				CLANG_ENABLE_MODULES = YES;
				CLANG_ENABLE_OBJC_ARC = YES;
				CLANG_ENABLE_OBJC_WEAK = YES;
				CLANG_WARN_BLOCK_CAPTURE_AUTORELEASING = YES;
				CLANG_WARN_BOOL_CONVERSION = YES;
				CLANG_WARN_COMMA = YES;
				CLANG_WARN_CONSTANT_CONVERSION = YES;
				CLANG_WARN_DEPRECATED_OBJC_IMPLEMENTATIONS = YES;
				CLANG_WARN_DIRECT_OBJC_ISA_USAGE = YES_ERROR;
				CLANG_WARN_DOCUMENTATION_COMMENTS = YES;
				CLANG_WARN_EMPTY_BODY = YES;
				CLANG_WARN_ENUM_CONVERSION = YES;
				CLANG_WARN_INFINITE_RECURSION = YES;
				CLANG_WARN_INT_CONVERSION = YES;
				CLANG_WARN_NON_LITERAL_NULL_CONVERSION = YES;
				CLANG_WARN_OBJC_IMPLICIT_RETAIN_SELF = YES;
				CLANG_WARN_OBJC_LITERAL_CONVERSION = YES;
				CLANG_WARN_OBJC_ROOT_CLASS = YES_ERROR;
				CLANG_WARN_QUOTED_INCLUDE_IN_FRAMEWORK_HEADER = YES;
				CLANG_WARN_RANGE_LOOP_ANALYSIS = YES;
				CLANG_WARN_STRICT_PROTOTYPES = YES;
				CLANG_WARN_SUSPICIOUS_MOVE = YES;
				CLANG_WARN_UNGUARDED_AVAILABILITY = YES_AGGRESSIVE;
				CLANG_WARN_UNREACHABLE_CODE = YES;
				CLANG_WARN__DUPLICATE_METHOD_MATCH = YES;
				COPY_PHASE_STRIP = NO;
				DEBUG_INFORMATION_FORMAT = "dwarf-with-dsym";
				ENABLE_NS_ASSERTIONS = NO;
				ENABLE_STRICT_OBJC_MSGSEND = YES;
				ENABLE_USER_SCRIPT_SANDBOXING = YES;
				GCC_C_LANGUAGE_STANDARD = gnu17;
				GCC_NO_COMMON_BLOCKS = YES;
				GCC_WARN_64_TO_32_BIT_CONVERSION = YES;
				GCC_WARN_ABOUT_RETURN_TYPE = YES_ERROR;
				GCC_WARN_UNDECLARED_SELECTOR = YES;
				GCC_WARN_UNINITIALIZED_AUTOS = YES_AGGRESSIVE;
				GCC_WARN_UNUSED_FUNCTION = YES;
				GCC_WARN_UNUSED_VARIABLE = YES;
				IPHONEOS_DEPLOYMENT_TARGET = 17.4;
				LOCALIZATION_PREFERS_STRING_CATALOGS = YES;
				MTL_ENABLE_DEBUG_INFO = NO;
				MTL_FAST_MATH = YES;
				SDKROOT = iphoneos;
				SWIFT_COMPILATION_MODE = wholemodule;
				VALIDATE_PRODUCT = YES;
			};
			name = Release;
		};
		BE4D2C342BD40DB5009D8128 /* Debug */ = {
			isa = XCBuildConfiguration;
			buildSettings = {
				ASSETCATALOG_COMPILER_APPICON_NAME = AppIcon;
				ASSETCATALOG_COMPILER_GLOBAL_ACCENT_COLOR_NAME = AccentColor;
				CODE_SIGN_STYLE = Automatic;
				CURRENT_PROJECT_VERSION = 1;
				GENERATE_INFOPLIST_FILE = YES;
				INFOPLIST_FILE = test_1/Info.plist;
				INFOPLIST_KEY_UIApplicationSupportsIndirectInputEvents = YES;
				INFOPLIST_KEY_UILaunchStoryboardName = LaunchScreen;
				INFOPLIST_KEY_UIMainStoryboardFile = Main;
				INFOPLIST_KEY_UISupportedInterfaceOrientations_iPad = "UIInterfaceOrientationPortrait UIInterfaceOrientationPortraitUpsideDown UIInterfaceOrientationLandscapeLeft UIInterfaceOrientationLandscapeRight";
				INFOPLIST_KEY_UISupportedInterfaceOrientations_iPhone = "UIInterfaceOrientationPortrait UIInterfaceOrientationLandscapeLeft UIInterfaceOrientationLandscapeRight";
				IPHONEOS_DEPLOYMENT_TARGET = 17.4;
				LD_RUNPATH_SEARCH_PATHS = (
					"$(inherited)",
					"@executable_path/Frameworks",
				);
				MARKETING_VERSION = 1.0;
				PRODUCT_BUNDLE_IDENTIFIER = "-.test-1";
				PRODUCT_NAME = "$(TARGET_NAME)";
				SWIFT_EMIT_LOC_STRINGS = YES;
				SWIFT_VERSION = 5.0;
				TARGETED_DEVICE_FAMILY = "1,2";
			};
			name = Debug;
		};
		BE4D2C352BD40DB5009D8128 /* Release */ = {
			isa = XCBuildConfiguration;
			buildSettings = {
				ASSETCATALOG_COMPILER_APPICON_NAME = AppIcon;
				ASSETCATALOG_COMPILER_GLOBAL_ACCENT_COLOR_NAME = AccentColor;
				CODE_SIGN_STYLE = Automatic;
				CURRENT_PROJECT_VERSION = 1;
				GENERATE_INFOPLIST_FILE = YES;
				INFOPLIST_FILE = test_1/Info.plist;
				INFOPLIST_KEY_UIApplicationSupportsIndirectInputEvents = YES;
				INFOPLIST_KEY_UILaunchStoryboardName = LaunchScreen;
				INFOPLIST_KEY_UIMainStoryboardFile = Main;
				INFOPLIST_KEY_UISupportedInterfaceOrientations_iPad = "UIInterfaceOrientationPortrait UIInterfaceOrientationPortraitUpsideDown UIInterfaceOrientationLandscapeLeft UIInterfaceOrientationLandscapeRight";
				INFOPLIST_KEY_UISupportedInterfaceOrientations_iPhone = "UIInterfaceOrientationPortrait UIInterfaceOrientationLandscapeLeft UIInterfaceOrientationLandscapeRight";
				IPHONEOS_DEPLOYMENT_TARGET = 17.4;
				LD_RUNPATH_SEARCH_PATHS = (
					"$(inherited)",
					"@executable_path/Frameworks",
				);
				MARKETING_VERSION = 1.0;
				PRODUCT_BUNDLE_IDENTIFIER = "-.test-1";
				PRODUCT_NAME = "$(TARGET_NAME)";
				SWIFT_EMIT_LOC_STRINGS = YES;
				SWIFT_VERSION = 5.0;
				TARGETED_DEVICE_FAMILY = "1,2";
			};
			name = Release;
		};
/* End XCBuildConfiguration section */

/* Begin XCConfigurationList section */
		BE4D2C1A2BD40DB4009D8128 /* Build configuration list for PBXProject "test_1" */ = {
			isa = XCConfigurationList;
			buildConfigurations = (
				BE4D2C312BD40DB5009D8128 /* Debug */,
				BE4D2C322BD40DB5009D8128 /* Release */,
			);
			defaultConfigurationIsVisible = 0;
			defaultConfigurationName = Release;
		};
		BE4D2C332BD40DB5009D8128 /* Build configuration list for PBXNativeTarget "test_1" */ = {
			isa = XCConfigurationList;
			buildConfigurations = (
				BE4D2C342BD40DB5009D8128 /* Debug */,
				BE4D2C352BD40DB5009D8128 /* Release */,
			);
			defaultConfigurationIsVisible = 0;
			defaultConfigurationName = Release;
		};
/* End XCConfigurationList section */
	};
	rootObject = BE4D2C172BD40DB4009D8128 /* Project object */;
}
